// !$*UTF8*$!
{
	archiveVersion = 1;
	classes = {
	};
	objectVersion = 46;
	objects = {

/* Begin PBXBuildFile section */
		8305361A1DA5BF3D00E58964 /* TrackDataSource.swift in Sources */ = {isa = PBXBuildFile; fileRef = 830536191DA5BF3D00E58964 /* TrackDataSource.swift */; };
		8305361C1DA5D39900E58964 /* Bindable.swift in Sources */ = {isa = PBXBuildFile; fileRef = 8305361B1DA5D39900E58964 /* Bindable.swift */; };
		830536221DA722FE00E58964 /* MutableOneToManyProperty.swift in Sources */ = {isa = PBXBuildFile; fileRef = 830536211DA722FE00E58964 /* MutableOneToManyProperty.swift */; };
		830536241DA7242200E58964 /* Selection.swift in Sources */ = {isa = PBXBuildFile; fileRef = 830536231DA7242200E58964 /* Selection.swift */; };
		83C784D51DA570CC00B77984 /* AppDelegate.swift in Sources */ = {isa = PBXBuildFile; fileRef = 83C784D41DA570CC00B77984 /* AppDelegate.swift */; };
		83C784D91DA570CC00B77984 /* Assets.xcassets in Resources */ = {isa = PBXBuildFile; fileRef = 83C784D81DA570CC00B77984 /* Assets.xcassets */; };
		83C784DC1DA570CC00B77984 /* Main.storyboard in Resources */ = {isa = PBXBuildFile; fileRef = 83C784DA1DA570CC00B77984 /* Main.storyboard */; };
		83C784E71DA570CC00B77984 /* ReactiveCocoaSampleTests.swift in Sources */ = {isa = PBXBuildFile; fileRef = 83C784E61DA570CC00B77984 /* ReactiveCocoaSampleTests.swift */; };
		83C784F21DA571AF00B77984 /* ReactiveCocoa.framework in Frameworks */ = {isa = PBXBuildFile; fileRef = 83C784F11DA571AF00B77984 /* ReactiveCocoa.framework */; };
		83C784F31DA571AF00B77984 /* ReactiveCocoa.framework in Embed Frameworks */ = {isa = PBXBuildFile; fileRef = 83C784F11DA571AF00B77984 /* ReactiveCocoa.framework */; settings = {ATTRIBUTES = (CodeSignOnCopy, RemoveHeadersOnCopy, ); }; };
		83C784F51DA571AF00B77984 /* Result.framework in Frameworks */ = {isa = PBXBuildFile; fileRef = 83C784F41DA571AF00B77984 /* Result.framework */; };
		83C784F61DA571AF00B77984 /* Result.framework in Embed Frameworks */ = {isa = PBXBuildFile; fileRef = 83C784F41DA571AF00B77984 /* Result.framework */; settings = {ATTRIBUTES = (CodeSignOnCopy, RemoveHeadersOnCopy, ); }; };
		83C784F81DA571AF00B77984 /* ReactiveSwift.framework in Frameworks */ = {isa = PBXBuildFile; fileRef = 83C784F71DA571AF00B77984 /* ReactiveSwift.framework */; };
		83C784F91DA571AF00B77984 /* ReactiveSwift.framework in Embed Frameworks */ = {isa = PBXBuildFile; fileRef = 83C784F71DA571AF00B77984 /* ReactiveSwift.framework */; settings = {ATTRIBUTES = (CodeSignOnCopy, RemoveHeadersOnCopy, ); }; };
		83C784FC1DA572B000B77984 /* Track.swift in Sources */ = {isa = PBXBuildFile; fileRef = 83C784FB1DA572B000B77984 /* Track.swift */; };
		83C784FE1DA5731600B77984 /* TrackDetailViewModel.swift in Sources */ = {isa = PBXBuildFile; fileRef = 83C784FD1DA5731600B77984 /* TrackDetailViewModel.swift */; };
		83C784FF1DA5771400B77984 /* ReactiveCocoa.framework in Frameworks */ = {isa = PBXBuildFile; fileRef = 83C784F11DA571AF00B77984 /* ReactiveCocoa.framework */; };
		83C785001DA5771400B77984 /* ReactiveSwift.framework in Frameworks */ = {isa = PBXBuildFile; fileRef = 83C784F71DA571AF00B77984 /* ReactiveSwift.framework */; };
		83C785011DA5771400B77984 /* Result.framework in Frameworks */ = {isa = PBXBuildFile; fileRef = 83C784F41DA571AF00B77984 /* Result.framework */; };
		83C785031DA5784B00B77984 /* TrackTableCellViewModel.swift in Sources */ = {isa = PBXBuildFile; fileRef = 83C785021DA5784B00B77984 /* TrackTableCellViewModel.swift */; };
		83C785051DA5795F00B77984 /* MasterViewController.swift in Sources */ = {isa = PBXBuildFile; fileRef = 83C785041DA5795F00B77984 /* MasterViewController.swift */; };
		83C785071DA579C900B77984 /* DetailViewController.swift in Sources */ = {isa = PBXBuildFile; fileRef = 83C785061DA579C900B77984 /* DetailViewController.swift */; };
		83C785091DA57AA000B77984 /* TrackTableCellView.swift in Sources */ = {isa = PBXBuildFile; fileRef = 83C785081DA57AA000B77984 /* TrackTableCellView.swift */; };
		83C7850E1DA587AA00B77984 /* WindowController.swift in Sources */ = {isa = PBXBuildFile; fileRef = 83C7850D1DA587AA00B77984 /* WindowController.swift */; };
		83C785101DA5882100B77984 /* SplitViewController.swift in Sources */ = {isa = PBXBuildFile; fileRef = 83C7850F1DA5882100B77984 /* SplitViewController.swift */; };
/* End PBXBuildFile section */

/* Begin PBXContainerItemProxy section */
		83C784E31DA570CC00B77984 /* PBXContainerItemProxy */ = {
			isa = PBXContainerItemProxy;
			containerPortal = 83C784C91DA570CC00B77984 /* Project object */;
			proxyType = 1;
			remoteGlobalIDString = 83C784D01DA570CC00B77984;
			remoteInfo = ReactiveCocoaSample;
		};
/* End PBXContainerItemProxy section */

/* Begin PBXCopyFilesBuildPhase section */
		83C784FA1DA571B000B77984 /* Embed Frameworks */ = {
			isa = PBXCopyFilesBuildPhase;
			buildActionMask = 2147483647;
			dstPath = "";
			dstSubfolderSpec = 10;
			files = (
				83C784F31DA571AF00B77984 /* ReactiveCocoa.framework in Embed Frameworks */,
				83C784F61DA571AF00B77984 /* Result.framework in Embed Frameworks */,
				83C784F91DA571AF00B77984 /* ReactiveSwift.framework in Embed Frameworks */,
			);
			name = "Embed Frameworks";
			runOnlyForDeploymentPostprocessing = 0;
		};
/* End PBXCopyFilesBuildPhase section */

/* Begin PBXFileReference section */
		830536191DA5BF3D00E58964 /* TrackDataSource.swift */ = {isa = PBXFileReference; fileEncoding = 4; lastKnownFileType = sourcecode.swift; path = TrackDataSource.swift; sourceTree = "<group>"; };
		8305361B1DA5D39900E58964 /* Bindable.swift */ = {isa = PBXFileReference; fileEncoding = 4; lastKnownFileType = sourcecode.swift; path = Bindable.swift; sourceTree = "<group>"; };
		830536211DA722FE00E58964 /* MutableOneToManyProperty.swift */ = {isa = PBXFileReference; fileEncoding = 4; lastKnownFileType = sourcecode.swift; path = MutableOneToManyProperty.swift; sourceTree = "<group>"; };
		830536231DA7242200E58964 /* Selection.swift */ = {isa = PBXFileReference; fileEncoding = 4; lastKnownFileType = sourcecode.swift; path = Selection.swift; sourceTree = "<group>"; };
		83C784D11DA570CC00B77984 /* ReactiveCocoaSample.app */ = {isa = PBXFileReference; explicitFileType = wrapper.application; includeInIndex = 0; path = ReactiveCocoaSample.app; sourceTree = BUILT_PRODUCTS_DIR; };
		83C784D41DA570CC00B77984 /* AppDelegate.swift */ = {isa = PBXFileReference; lastKnownFileType = sourcecode.swift; path = AppDelegate.swift; sourceTree = "<group>"; };
		83C784D81DA570CC00B77984 /* Assets.xcassets */ = {isa = PBXFileReference; lastKnownFileType = folder.assetcatalog; path = Assets.xcassets; sourceTree = "<group>"; };
		83C784DB1DA570CC00B77984 /* Base */ = {isa = PBXFileReference; lastKnownFileType = file.storyboard; name = Base; path = Base.lproj/Main.storyboard; sourceTree = "<group>"; };
		83C784DD1DA570CC00B77984 /* Info.plist */ = {isa = PBXFileReference; lastKnownFileType = text.plist.xml; path = Info.plist; sourceTree = "<group>"; };
		83C784E21DA570CC00B77984 /* ReactiveCocoaSampleTests.xctest */ = {isa = PBXFileReference; explicitFileType = wrapper.cfbundle; includeInIndex = 0; path = ReactiveCocoaSampleTests.xctest; sourceTree = BUILT_PRODUCTS_DIR; };
		83C784E61DA570CC00B77984 /* ReactiveCocoaSampleTests.swift */ = {isa = PBXFileReference; lastKnownFileType = sourcecode.swift; path = ReactiveCocoaSampleTests.swift; sourceTree = "<group>"; };
		83C784E81DA570CC00B77984 /* Info.plist */ = {isa = PBXFileReference; lastKnownFileType = text.plist.xml; path = Info.plist; sourceTree = "<group>"; };
		83C784F11DA571AF00B77984 /* ReactiveCocoa.framework */ = {isa = PBXFileReference; explicitFileType = wrapper.framework; path = ReactiveCocoa.framework; sourceTree = BUILT_PRODUCTS_DIR; };
		83C784F41DA571AF00B77984 /* Result.framework */ = {isa = PBXFileReference; explicitFileType = wrapper.framework; path = Result.framework; sourceTree = BUILT_PRODUCTS_DIR; };
		83C784F71DA571AF00B77984 /* ReactiveSwift.framework */ = {isa = PBXFileReference; explicitFileType = wrapper.framework; path = ReactiveSwift.framework; sourceTree = BUILT_PRODUCTS_DIR; };
		83C784FB1DA572B000B77984 /* Track.swift */ = {isa = PBXFileReference; fileEncoding = 4; lastKnownFileType = sourcecode.swift; path = Track.swift; sourceTree = "<group>"; };
		83C784FD1DA5731600B77984 /* TrackDetailViewModel.swift */ = {isa = PBXFileReference; fileEncoding = 4; lastKnownFileType = sourcecode.swift; path = TrackDetailViewModel.swift; sourceTree = "<group>"; };
		83C785021DA5784B00B77984 /* TrackTableCellViewModel.swift */ = {isa = PBXFileReference; fileEncoding = 4; lastKnownFileType = sourcecode.swift; path = TrackTableCellViewModel.swift; sourceTree = "<group>"; };
		83C785041DA5795F00B77984 /* MasterViewController.swift */ = {isa = PBXFileReference; fileEncoding = 4; lastKnownFileType = sourcecode.swift; path = MasterViewController.swift; sourceTree = "<group>"; };
		83C785061DA579C900B77984 /* DetailViewController.swift */ = {isa = PBXFileReference; fileEncoding = 4; lastKnownFileType = sourcecode.swift; path = DetailViewController.swift; sourceTree = "<group>"; };
		83C785081DA57AA000B77984 /* TrackTableCellView.swift */ = {isa = PBXFileReference; fileEncoding = 4; lastKnownFileType = sourcecode.swift; path = TrackTableCellView.swift; sourceTree = "<group>"; };
		83C7850D1DA587AA00B77984 /* WindowController.swift */ = {isa = PBXFileReference; fileEncoding = 4; lastKnownFileType = sourcecode.swift; path = WindowController.swift; sourceTree = "<group>"; };
		83C7850F1DA5882100B77984 /* SplitViewController.swift */ = {isa = PBXFileReference; fileEncoding = 4; lastKnownFileType = sourcecode.swift; path = SplitViewController.swift; sourceTree = "<group>"; };
/* End PBXFileReference section */

/* Begin PBXFrameworksBuildPhase section */
		83C784CE1DA570CC00B77984 /* Frameworks */ = {
			isa = PBXFrameworksBuildPhase;
			buildActionMask = 2147483647;
			files = (
				83C784F21DA571AF00B77984 /* ReactiveCocoa.framework in Frameworks */,
				83C784F51DA571AF00B77984 /* Result.framework in Frameworks */,
				83C784F81DA571AF00B77984 /* ReactiveSwift.framework in Frameworks */,
			);
			runOnlyForDeploymentPostprocessing = 0;
		};
		83C784DF1DA570CC00B77984 /* Frameworks */ = {
			isa = PBXFrameworksBuildPhase;
			buildActionMask = 2147483647;
			files = (
				83C784FF1DA5771400B77984 /* ReactiveCocoa.framework in Frameworks */,
				83C785001DA5771400B77984 /* ReactiveSwift.framework in Frameworks */,
				83C785011DA5771400B77984 /* Result.framework in Frameworks */,
			);
			runOnlyForDeploymentPostprocessing = 0;
		};
/* End PBXFrameworksBuildPhase section */

/* Begin PBXGroup section */
		83C784C81DA570CC00B77984 = {
			isa = PBXGroup;
			children = (
				83C784F71DA571AF00B77984 /* ReactiveSwift.framework */,
				83C784F41DA571AF00B77984 /* Result.framework */,
				83C784F11DA571AF00B77984 /* ReactiveCocoa.framework */,
				83C784D31DA570CC00B77984 /* ReactiveCocoaSample */,
				83C784E51DA570CC00B77984 /* ReactiveCocoaSampleTests */,
				83C784D21DA570CC00B77984 /* Products */,
			);
			sourceTree = "<group>";
		};
		83C784D21DA570CC00B77984 /* Products */ = {
			isa = PBXGroup;
			children = (
				83C784D11DA570CC00B77984 /* ReactiveCocoaSample.app */,
				83C784E21DA570CC00B77984 /* ReactiveCocoaSampleTests.xctest */,
			);
			name = Products;
			sourceTree = "<group>";
		};
		83C784D31DA570CC00B77984 /* ReactiveCocoaSample */ = {
			isa = PBXGroup;
			children = (
				83C784D41DA570CC00B77984 /* AppDelegate.swift */,
				83C7850C1DA5871900B77984 /* Models */,
				83C7850A1DA586EE00B77984 /* ViewModels */,
				83C7850B1DA5870D00B77984 /* Views */,
				83C784D81DA570CC00B77984 /* Assets.xcassets */,
				83C784DD1DA570CC00B77984 /* Info.plist */,
			);
			path = ReactiveCocoaSample;
			sourceTree = "<group>";
		};
		83C784E51DA570CC00B77984 /* ReactiveCocoaSampleTests */ = {
			isa = PBXGroup;
			children = (
				83C784E61DA570CC00B77984 /* ReactiveCocoaSampleTests.swift */,
				83C784E81DA570CC00B77984 /* Info.plist */,
			);
			path = ReactiveCocoaSampleTests;
			sourceTree = "<group>";
		};
		83C7850A1DA586EE00B77984 /* ViewModels */ = {
			isa = PBXGroup;
			children = (
				83C784FD1DA5731600B77984 /* TrackDetailViewModel.swift */,
				83C785021DA5784B00B77984 /* TrackTableCellViewModel.swift */,
			);
			name = ViewModels;
			sourceTree = "<group>";
		};
		83C7850B1DA5870D00B77984 /* Views */ = {
			isa = PBXGroup;
			children = (
				83C784DA1DA570CC00B77984 /* Main.storyboard */,
				8305361B1DA5D39900E58964 /* Bindable.swift */,
				83C7850D1DA587AA00B77984 /* WindowController.swift */,
				83C7850F1DA5882100B77984 /* SplitViewController.swift */,
				83C785041DA5795F00B77984 /* MasterViewController.swift */,
				83C785061DA579C900B77984 /* DetailViewController.swift */,
				83C785081DA57AA000B77984 /* TrackTableCellView.swift */,
			);
			name = Views;
			sourceTree = "<group>";
		};
		83C7850C1DA5871900B77984 /* Models */ = {
			isa = PBXGroup;
			children = (
				83C784FB1DA572B000B77984 /* Track.swift */,
				830536191DA5BF3D00E58964 /* TrackDataSource.swift */,
				830536211DA722FE00E58964 /* MutableOneToManyProperty.swift */,
				830536231DA7242200E58964 /* Selection.swift */,
			);
			name = Models;
			sourceTree = "<group>";
		};
/* End PBXGroup section */

/* Begin PBXNativeTarget section */
		83C784D01DA570CC00B77984 /* ReactiveCocoaSample */ = {
			isa = PBXNativeTarget;
			buildConfigurationList = 83C784EB1DA570CC00B77984 /* Build configuration list for PBXNativeTarget "ReactiveCocoaSample" */;
			buildPhases = (
				83C784CD1DA570CC00B77984 /* Sources */,
				83C784CE1DA570CC00B77984 /* Frameworks */,
				83C784CF1DA570CC00B77984 /* Resources */,
				83C784FA1DA571B000B77984 /* Embed Frameworks */,
			);
			buildRules = (
			);
			dependencies = (
			);
			name = ReactiveCocoaSample;
			productName = ReactiveCocoaSample;
			productReference = 83C784D11DA570CC00B77984 /* ReactiveCocoaSample.app */;
			productType = "com.apple.product-type.application";
		};
		83C784E11DA570CC00B77984 /* ReactiveCocoaSampleTests */ = {
			isa = PBXNativeTarget;
			buildConfigurationList = 83C784EE1DA570CC00B77984 /* Build configuration list for PBXNativeTarget "ReactiveCocoaSampleTests" */;
			buildPhases = (
				83C784DE1DA570CC00B77984 /* Sources */,
				83C784DF1DA570CC00B77984 /* Frameworks */,
				83C784E01DA570CC00B77984 /* Resources */,
			);
			buildRules = (
			);
			dependencies = (
				83C784E41DA570CC00B77984 /* PBXTargetDependency */,
			);
			name = ReactiveCocoaSampleTests;
			productName = ReactiveCocoaSampleTests;
			productReference = 83C784E21DA570CC00B77984 /* ReactiveCocoaSampleTests.xctest */;
			productType = "com.apple.product-type.bundle.unit-test";
		};
/* End PBXNativeTarget section */

/* Begin PBXProject section */
		83C784C91DA570CC00B77984 /* Project object */ = {
			isa = PBXProject;
			attributes = {
				LastSwiftUpdateCheck = 0810;
				LastUpgradeCheck = 0810;
				ORGANIZATIONNAME = "SuperMegaUltraGroovy, Inc.";
				TargetAttributes = {
					83C784D01DA570CC00B77984 = {
						CreatedOnToolsVersion = 8.1;
						DevelopmentTeam = FZ6W74R3XC;
						ProvisioningStyle = Automatic;
					};
					83C784E11DA570CC00B77984 = {
						CreatedOnToolsVersion = 8.1;
						DevelopmentTeam = FZ6W74R3XC;
						ProvisioningStyle = Automatic;
						TestTargetID = 83C784D01DA570CC00B77984;
					};
				};
			};
			buildConfigurationList = 83C784CC1DA570CC00B77984 /* Build configuration list for PBXProject "ReactiveCocoaSample" */;
			compatibilityVersion = "Xcode 3.2";
			developmentRegion = English;
			hasScannedForEncodings = 0;
			knownRegions = (
				en,
				Base,
			);
			mainGroup = 83C784C81DA570CC00B77984;
			productRefGroup = 83C784D21DA570CC00B77984 /* Products */;
			projectDirPath = "";
			projectRoot = "";
			targets = (
				83C784D01DA570CC00B77984 /* ReactiveCocoaSample */,
				83C784E11DA570CC00B77984 /* ReactiveCocoaSampleTests */,
			);
		};
/* End PBXProject section */

/* Begin PBXResourcesBuildPhase section */
		83C784CF1DA570CC00B77984 /* Resources */ = {
			isa = PBXResourcesBuildPhase;
			buildActionMask = 2147483647;
			files = (
				83C784D91DA570CC00B77984 /* Assets.xcassets in Resources */,
				83C784DC1DA570CC00B77984 /* Main.storyboard in Resources */,
			);
			runOnlyForDeploymentPostprocessing = 0;
		};
		83C784E01DA570CC00B77984 /* Resources */ = {
			isa = PBXResourcesBuildPhase;
			buildActionMask = 2147483647;
			files = (
			);
			runOnlyForDeploymentPostprocessing = 0;
		};
/* End PBXResourcesBuildPhase section */

/* Begin PBXSourcesBuildPhase section */
		83C784CD1DA570CC00B77984 /* Sources */ = {
			isa = PBXSourcesBuildPhase;
			buildActionMask = 2147483647;
			files = (
				830536241DA7242200E58964 /* Selection.swift in Sources */,
				83C785091DA57AA000B77984 /* TrackTableCellView.swift in Sources */,
				83C785031DA5784B00B77984 /* TrackTableCellViewModel.swift in Sources */,
				83C785051DA5795F00B77984 /* MasterViewController.swift in Sources */,
				83C784FE1DA5731600B77984 /* TrackDetailViewModel.swift in Sources */,
				8305361C1DA5D39900E58964 /* Bindable.swift in Sources */,
				8305361A1DA5BF3D00E58964 /* TrackDataSource.swift in Sources */,
				83C784D51DA570CC00B77984 /* AppDelegate.swift in Sources */,
				83C785101DA5882100B77984 /* SplitViewController.swift in Sources */,
				83C7850E1DA587AA00B77984 /* WindowController.swift in Sources */,
				83C784FC1DA572B000B77984 /* Track.swift in Sources */,
				830536221DA722FE00E58964 /* MutableOneToManyProperty.swift in Sources */,
				83C785071DA579C900B77984 /* DetailViewController.swift in Sources */,
			);
			runOnlyForDeploymentPostprocessing = 0;
		};
		83C784DE1DA570CC00B77984 /* Sources */ = {
			isa = PBXSourcesBuildPhase;
			buildActionMask = 2147483647;
			files = (
				83C784E71DA570CC00B77984 /* ReactiveCocoaSampleTests.swift in Sources */,
			);
			runOnlyForDeploymentPostprocessing = 0;
		};
/* End PBXSourcesBuildPhase section */

/* Begin PBXTargetDependency section */
		83C784E41DA570CC00B77984 /* PBXTargetDependency */ = {
			isa = PBXTargetDependency;
			target = 83C784D01DA570CC00B77984 /* ReactiveCocoaSample */;
			targetProxy = 83C784E31DA570CC00B77984 /* PBXContainerItemProxy */;
		};
/* End PBXTargetDependency section */

/* Begin PBXVariantGroup section */
		83C784DA1DA570CC00B77984 /* Main.storyboard */ = {
			isa = PBXVariantGroup;
			children = (
				83C784DB1DA570CC00B77984 /* Base */,
			);
			name = Main.storyboard;
			sourceTree = "<group>";
		};
/* End PBXVariantGroup section */

/* Begin XCBuildConfiguration section */
		83C784E91DA570CC00B77984 /* Debug */ = {
			isa = XCBuildConfiguration;
			buildSettings = {
				ALWAYS_SEARCH_USER_PATHS = NO;
				CLANG_ANALYZER_NONNULL = YES;
				CLANG_CXX_LANGUAGE_STANDARD = "gnu++0x";
				CLANG_CXX_LIBRARY = "libc++";
				CLANG_ENABLE_MODULES = YES;
				CLANG_ENABLE_OBJC_ARC = YES;
				CLANG_WARN_BOOL_CONVERSION = YES;
				CLANG_WARN_CONSTANT_CONVERSION = YES;
				CLANG_WARN_DIRECT_OBJC_ISA_USAGE = YES_ERROR;
				CLANG_WARN_DOCUMENTATION_COMMENTS = YES;
				CLANG_WARN_EMPTY_BODY = YES;
				CLANG_WARN_ENUM_CONVERSION = YES;
				CLANG_WARN_INFINITE_RECURSION = YES;
				CLANG_WARN_INT_CONVERSION = YES;
				CLANG_WARN_OBJC_ROOT_CLASS = YES_ERROR;
				CLANG_WARN_SUSPICIOUS_MOVES = YES;
				CLANG_WARN_UNREACHABLE_CODE = YES;
				CLANG_WARN__DUPLICATE_METHOD_MATCH = YES;
				CODE_SIGN_IDENTITY = "-";
				COPY_PHASE_STRIP = NO;
				DEBUG_INFORMATION_FORMAT = dwarf;
				ENABLE_STRICT_OBJC_MSGSEND = YES;
				ENABLE_TESTABILITY = YES;
				GCC_C_LANGUAGE_STANDARD = gnu99;
				GCC_DYNAMIC_NO_PIC = NO;
				GCC_NO_COMMON_BLOCKS = YES;
				GCC_OPTIMIZATION_LEVEL = 0;
				GCC_PREPROCESSOR_DEFINITIONS = (
					"DEBUG=1",
					"$(inherited)",
				);
				GCC_WARN_64_TO_32_BIT_CONVERSION = YES;
				GCC_WARN_ABOUT_RETURN_TYPE = YES_ERROR;
				GCC_WARN_UNDECLARED_SELECTOR = YES;
				GCC_WARN_UNINITIALIZED_AUTOS = YES_AGGRESSIVE;
				GCC_WARN_UNUSED_FUNCTION = YES;
				GCC_WARN_UNUSED_VARIABLE = YES;
				MACOSX_DEPLOYMENT_TARGET = 10.12;
				MTL_ENABLE_DEBUG_INFO = YES;
				ONLY_ACTIVE_ARCH = YES;
				SDKROOT = macosx;
				SWIFT_ACTIVE_COMPILATION_CONDITIONS = DEBUG;
				SWIFT_OPTIMIZATION_LEVEL = "-Onone";
			};
			name = Debug;
		};
		83C784EA1DA570CC00B77984 /* Release */ = {
			isa = XCBuildConfiguration;
			buildSettings = {
				ALWAYS_SEARCH_USER_PATHS = NO;
				CLANG_ANALYZER_NONNULL = YES;
				CLANG_CXX_LANGUAGE_STANDARD = "gnu++0x";
				CLANG_CXX_LIBRARY = "libc++";
				CLANG_ENABLE_MODULES = YES;
				CLANG_ENABLE_OBJC_ARC = YES;
				CLANG_WARN_BOOL_CONVERSION = YES;
				CLANG_WARN_CONSTANT_CONVERSION = YES;
				CLANG_WARN_DIRECT_OBJC_ISA_USAGE = YES_ERROR;
				CLANG_WARN_DOCUMENTATION_COMMENTS = YES;
				CLANG_WARN_EMPTY_BODY = YES;
				CLANG_WARN_ENUM_CONVERSION = YES;
				CLANG_WARN_INFINITE_RECURSION = YES;
				CLANG_WARN_INT_CONVERSION = YES;
				CLANG_WARN_OBJC_ROOT_CLASS = YES_ERROR;
				CLANG_WARN_SUSPICIOUS_MOVES = YES;
				CLANG_WARN_UNREACHABLE_CODE = YES;
				CLANG_WARN__DUPLICATE_METHOD_MATCH = YES;
				CODE_SIGN_IDENTITY = "-";
				COPY_PHASE_STRIP = NO;
				DEBUG_INFORMATION_FORMAT = "dwarf-with-dsym";
				ENABLE_NS_ASSERTIONS = NO;
				ENABLE_STRICT_OBJC_MSGSEND = YES;
				GCC_C_LANGUAGE_STANDARD = gnu99;
				GCC_NO_COMMON_BLOCKS = YES;
				GCC_WARN_64_TO_32_BIT_CONVERSION = YES;
				GCC_WARN_ABOUT_RETURN_TYPE = YES_ERROR;
				GCC_WARN_UNDECLARED_SELECTOR = YES;
				GCC_WARN_UNINITIALIZED_AUTOS = YES_AGGRESSIVE;
				GCC_WARN_UNUSED_FUNCTION = YES;
				GCC_WARN_UNUSED_VARIABLE = YES;
				MACOSX_DEPLOYMENT_TARGET = 10.12;
				MTL_ENABLE_DEBUG_INFO = NO;
				SDKROOT = macosx;
				SWIFT_OPTIMIZATION_LEVEL = "-Owholemodule";
			};
			name = Release;
		};
		83C784EC1DA570CC00B77984 /* Debug */ = {
			isa = XCBuildConfiguration;
			buildSettings = {
				ASSETCATALOG_COMPILER_APPICON_NAME = AppIcon;
				COMBINE_HIDPI_IMAGES = YES;
				DEVELOPMENT_TEAM = FZ6W74R3XC;
				INFOPLIST_FILE = ReactiveCocoaSample/Info.plist;
				LD_RUNPATH_SEARCH_PATHS = "$(inherited) @executable_path/../Frameworks";
				PRODUCT_BUNDLE_IDENTIFIER = com.supermegaultragroovy.ReactiveCocoaSample;
				PRODUCT_NAME = "$(TARGET_NAME)";
				SWIFT_VERSION = 3.0;
			};
			name = Debug;
		};
		83C784ED1DA570CC00B77984 /* Release */ = {
			isa = XCBuildConfiguration;
			buildSettings = {
				ASSETCATALOG_COMPILER_APPICON_NAME = AppIcon;
				COMBINE_HIDPI_IMAGES = YES;
				DEVELOPMENT_TEAM = FZ6W74R3XC;
				INFOPLIST_FILE = ReactiveCocoaSample/Info.plist;
				LD_RUNPATH_SEARCH_PATHS = "$(inherited) @executable_path/../Frameworks";
				PRODUCT_BUNDLE_IDENTIFIER = com.supermegaultragroovy.ReactiveCocoaSample;
				PRODUCT_NAME = "$(TARGET_NAME)";
				SWIFT_VERSION = 3.0;
			};
			name = Release;
		};
		83C784EF1DA570CC00B77984 /* Debug */ = {
			isa = XCBuildConfiguration;
			buildSettings = {
				ALWAYS_EMBED_SWIFT_STANDARD_LIBRARIES = YES;
				BUNDLE_LOADER = "$(TEST_HOST)";
				COMBINE_HIDPI_IMAGES = YES;
				DEVELOPMENT_TEAM = FZ6W74R3XC;
				INFOPLIST_FILE = ReactiveCocoaSampleTests/Info.plist;
				LD_RUNPATH_SEARCH_PATHS = "$(inherited) @executable_path/../Frameworks @loader_path/../Frameworks";
				PRODUCT_BUNDLE_IDENTIFIER = com.supermegaultragroovy.ReactiveCocoaSampleTests;
				PRODUCT_NAME = "$(TARGET_NAME)";
				SWIFT_VERSION = 3.0;
				TEST_HOST = "$(BUILT_PRODUCTS_DIR)/ReactiveCocoaSample.app/Contents/MacOS/ReactiveCocoaSample";
			};
			name = Debug;
		};
		83C784F01DA570CC00B77984 /* Release */ = {
			isa = XCBuildConfiguration;
			buildSettings = {
				ALWAYS_EMBED_SWIFT_STANDARD_LIBRARIES = YES;
				BUNDLE_LOADER = "$(TEST_HOST)";
				COMBINE_HIDPI_IMAGES = YES;
				DEVELOPMENT_TEAM = FZ6W74R3XC;
				INFOPLIST_FILE = ReactiveCocoaSampleTests/Info.plist;
				LD_RUNPATH_SEARCH_PATHS = "$(inherited) @executable_path/../Frameworks @loader_path/../Frameworks";
				PRODUCT_BUNDLE_IDENTIFIER = com.supermegaultragroovy.ReactiveCocoaSampleTests;
				PRODUCT_NAME = "$(TARGET_NAME)";
				SWIFT_VERSION = 3.0;
				TEST_HOST = "$(BUILT_PRODUCTS_DIR)/ReactiveCocoaSample.app/Contents/MacOS/ReactiveCocoaSample";
			};
			name = Release;
		};
/* End XCBuildConfiguration section */

/* Begin XCConfigurationList section */
		83C784CC1DA570CC00B77984 /* Build configuration list for PBXProject "ReactiveCocoaSample" */ = {
			isa = XCConfigurationList;
			buildConfigurations = (
				83C784E91DA570CC00B77984 /* Debug */,
				83C784EA1DA570CC00B77984 /* Release */,
			);
			defaultConfigurationIsVisible = 0;
			defaultConfigurationName = Release;
		};
		83C784EB1DA570CC00B77984 /* Build configuration list for PBXNativeTarget "ReactiveCocoaSample" */ = {
			isa = XCConfigurationList;
			buildConfigurations = (
				83C784EC1DA570CC00B77984 /* Debug */,
				83C784ED1DA570CC00B77984 /* Release */,
			);
			defaultConfigurationIsVisible = 0;
			defaultConfigurationName = Release;
		};
		83C784EE1DA570CC00B77984 /* Build configuration list for PBXNativeTarget "ReactiveCocoaSampleTests" */ = {
			isa = XCConfigurationList;
			buildConfigurations = (
				83C784EF1DA570CC00B77984 /* Debug */,
				83C784F01DA570CC00B77984 /* Release */,
			);
			defaultConfigurationIsVisible = 0;
			defaultConfigurationName = Release;
		};
/* End XCConfigurationList section */
	};
	rootObject = 83C784C91DA570CC00B77984 /* Project object */;
}
